// !$*UTF8*$!
{
	archiveVersion = 1;
	classes = {
	};
	objectVersion = 46;
	objects = {

/* Begin PBXBuildFile section */
		ADD046141D26DA0B009EE361 /* AppDelegate.swift in Sources */ = {isa = PBXBuildFile; fileRef = ADD046131D26DA0B009EE361 /* AppDelegate.swift */; };
		ADD046161D26DA0B009EE361 /* ViewController.swift in Sources */ = {isa = PBXBuildFile; fileRef = ADD046151D26DA0B009EE361 /* ViewController.swift */; };
		ADD046191D26DA0B009EE361 /* Main.storyboard in Resources */ = {isa = PBXBuildFile; fileRef = ADD046171D26DA0B009EE361 /* Main.storyboard */; };
		ADD0461C1D26DA0B009EE361 /* Dialysis_Nutrition_Tracker.xcdatamodeld in Sources */ = {isa = PBXBuildFile; fileRef = ADD0461A1D26DA0B009EE361 /* Dialysis_Nutrition_Tracker.xcdatamodeld */; };
		ADD0461E1D26DA0B009EE361 /* Assets.xcassets in Resources */ = {isa = PBXBuildFile; fileRef = ADD0461D1D26DA0B009EE361 /* Assets.xcassets */; };
		ADD046211D26DA0B009EE361 /* LaunchScreen.storyboard in Resources */ = {isa = PBXBuildFile; fileRef = ADD0461F1D26DA0B009EE361 /* LaunchScreen.storyboard */; };
		ADD0462C1D26DA0B009EE361 /* Dialysis_Nutrition_TrackerTests.swift in Sources */ = {isa = PBXBuildFile; fileRef = ADD0462B1D26DA0B009EE361 /* Dialysis_Nutrition_TrackerTests.swift */; };
		ADD046371D26DA0B009EE361 /* Dialysis_Nutrition_TrackerUITests.swift in Sources */ = {isa = PBXBuildFile; fileRef = ADD046361D26DA0B009EE361 /* Dialysis_Nutrition_TrackerUITests.swift */; };
/* End PBXBuildFile section */

/* Begin PBXContainerItemProxy section */
		ADD046281D26DA0B009EE361 /* PBXContainerItemProxy */ = {
			isa = PBXContainerItemProxy;
			containerPortal = ADD046081D26DA0B009EE361 /* Project object */;
			proxyType = 1;
			remoteGlobalIDString = ADD0460F1D26DA0B009EE361;
			remoteInfo = "Dialysis Nutrition Tracker";
		};
		ADD046331D26DA0B009EE361 /* PBXContainerItemProxy */ = {
			isa = PBXContainerItemProxy;
			containerPortal = ADD046081D26DA0B009EE361 /* Project object */;
			proxyType = 1;
			remoteGlobalIDString = ADD0460F1D26DA0B009EE361;
			remoteInfo = "Dialysis Nutrition Tracker";
		};
/* End PBXContainerItemProxy section */

/* Begin PBXFileReference section */
		ADD046101D26DA0B009EE361 /* Dialysis Nutrition Tracker.app */ = {isa = PBXFileReference; explicitFileType = wrapper.application; includeInIndex = 0; path = "Dialysis Nutrition Tracker.app"; sourceTree = BUILT_PRODUCTS_DIR; };
		ADD046131D26DA0B009EE361 /* AppDelegate.swift */ = {isa = PBXFileReference; lastKnownFileType = sourcecode.swift; path = AppDelegate.swift; sourceTree = "<group>"; };
		ADD046151D26DA0B009EE361 /* ViewController.swift */ = {isa = PBXFileReference; lastKnownFileType = sourcecode.swift; path = ViewController.swift; sourceTree = "<group>"; };
		ADD046181D26DA0B009EE361 /* Base */ = {isa = PBXFileReference; lastKnownFileType = file.storyboard; name = Base; path = Base.lproj/Main.storyboard; sourceTree = "<group>"; };
		ADD0461B1D26DA0B009EE361 /* Dialysis_Nutrition_Tracker.xcdatamodel */ = {isa = PBXFileReference; lastKnownFileType = wrapper.xcdatamodel; path = Dialysis_Nutrition_Tracker.xcdatamodel; sourceTree = "<group>"; };
		ADD0461D1D26DA0B009EE361 /* Assets.xcassets */ = {isa = PBXFileReference; lastKnownFileType = folder.assetcatalog; path = Assets.xcassets; sourceTree = "<group>"; };
		ADD046201D26DA0B009EE361 /* Base */ = {isa = PBXFileReference; lastKnownFileType = file.storyboard; name = Base; path = Base.lproj/LaunchScreen.storyboard; sourceTree = "<group>"; };
		ADD046221D26DA0B009EE361 /* Info.plist */ = {isa = PBXFileReference; lastKnownFileType = text.plist.xml; path = Info.plist; sourceTree = "<group>"; };
		ADD046271D26DA0B009EE361 /* Dialysis Nutrition TrackerTests.xctest */ = {isa = PBXFileReference; explicitFileType = wrapper.cfbundle; includeInIndex = 0; path = "Dialysis Nutrition TrackerTests.xctest"; sourceTree = BUILT_PRODUCTS_DIR; };
		ADD0462B1D26DA0B009EE361 /* Dialysis_Nutrition_TrackerTests.swift */ = {isa = PBXFileReference; lastKnownFileType = sourcecode.swift; path = Dialysis_Nutrition_TrackerTests.swift; sourceTree = "<group>"; };
		ADD0462D1D26DA0B009EE361 /* Info.plist */ = {isa = PBXFileReference; lastKnownFileType = text.plist.xml; path = Info.plist; sourceTree = "<group>"; };
		ADD046321D26DA0B009EE361 /* Dialysis Nutrition TrackerUITests.xctest */ = {isa = PBXFileReference; explicitFileType = wrapper.cfbundle; includeInIndex = 0; path = "Dialysis Nutrition TrackerUITests.xctest"; sourceTree = BUILT_PRODUCTS_DIR; };
		ADD046361D26DA0B009EE361 /* Dialysis_Nutrition_TrackerUITests.swift */ = {isa = PBXFileReference; lastKnownFileType = sourcecode.swift; path = Dialysis_Nutrition_TrackerUITests.swift; sourceTree = "<group>"; };
		ADD046381D26DA0B009EE361 /* Info.plist */ = {isa = PBXFileReference; lastKnownFileType = text.plist.xml; path = Info.plist; sourceTree = "<group>"; };
/* End PBXFileReference section */

/* Begin PBXFrameworksBuildPhase section */
		ADD0460D1D26DA0B009EE361 /* Frameworks */ = {
			isa = PBXFrameworksBuildPhase;
			buildActionMask = 2147483647;
			files = (
			);
			runOnlyForDeploymentPostprocessing = 0;
		};
		ADD046241D26DA0B009EE361 /* Frameworks */ = {
			isa = PBXFrameworksBuildPhase;
			buildActionMask = 2147483647;
			files = (
			);
			runOnlyForDeploymentPostprocessing = 0;
		};
		ADD0462F1D26DA0B009EE361 /* Frameworks */ = {
			isa = PBXFrameworksBuildPhase;
			buildActionMask = 2147483647;
			files = (
			);
			runOnlyForDeploymentPostprocessing = 0;
		};
/* End PBXFrameworksBuildPhase section */

/* Begin PBXGroup section */
		ADD046071D26DA0B009EE361 = {
			isa = PBXGroup;
			children = (
				ADD046121D26DA0B009EE361 /* Dialysis Nutrition Tracker */,
				ADD0462A1D26DA0B009EE361 /* Dialysis Nutrition TrackerTests */,
				ADD046351D26DA0B009EE361 /* Dialysis Nutrition TrackerUITests */,
				ADD046111D26DA0B009EE361 /* Products */,
			);
			sourceTree = "<group>";
		};
		ADD046111D26DA0B009EE361 /* Products */ = {
			isa = PBXGroup;
			children = (
				ADD046101D26DA0B009EE361 /* Dialysis Nutrition Tracker.app */,
				ADD046271D26DA0B009EE361 /* Dialysis Nutrition TrackerTests.xctest */,
				ADD046321D26DA0B009EE361 /* Dialysis Nutrition TrackerUITests.xctest */,
			);
			name = Products;
			sourceTree = "<group>";
		};
		ADD046121D26DA0B009EE361 /* Dialysis Nutrition Tracker */ = {
			isa = PBXGroup;
			children = (
				ADD046131D26DA0B009EE361 /* AppDelegate.swift */,
				ADD046151D26DA0B009EE361 /* ViewController.swift */,
				ADD046171D26DA0B009EE361 /* Main.storyboard */,
				ADD0461D1D26DA0B009EE361 /* Assets.xcassets */,
				ADD0461F1D26DA0B009EE361 /* LaunchScreen.storyboard */,
				ADD046221D26DA0B009EE361 /* Info.plist */,
				ADD0461A1D26DA0B009EE361 /* Dialysis_Nutrition_Tracker.xcdatamodeld */,
			);
			path = "Dialysis Nutrition Tracker";
			sourceTree = "<group>";
		};
		ADD0462A1D26DA0B009EE361 /* Dialysis Nutrition TrackerTests */ = {
			isa = PBXGroup;
			children = (
				ADD0462B1D26DA0B009EE361 /* Dialysis_Nutrition_TrackerTests.swift */,
				ADD0462D1D26DA0B009EE361 /* Info.plist */,
			);
			path = "Dialysis Nutrition TrackerTests";
			sourceTree = "<group>";
		};
		ADD046351D26DA0B009EE361 /* Dialysis Nutrition TrackerUITests */ = {
			isa = PBXGroup;
			children = (
				ADD046361D26DA0B009EE361 /* Dialysis_Nutrition_TrackerUITests.swift */,
				ADD046381D26DA0B009EE361 /* Info.plist */,
			);
			path = "Dialysis Nutrition TrackerUITests";
			sourceTree = "<group>";
		};
/* End PBXGroup section */

/* Begin PBXNativeTarget section */
		ADD0460F1D26DA0B009EE361 /* Dialysis Nutrition Tracker */ = {
			isa = PBXNativeTarget;
			buildConfigurationList = ADD0463B1D26DA0B009EE361 /* Build configuration list for PBXNativeTarget "Dialysis Nutrition Tracker" */;
			buildPhases = (
				ADD0460C1D26DA0B009EE361 /* Sources */,
				ADD0460D1D26DA0B009EE361 /* Frameworks */,
				ADD0460E1D26DA0B009EE361 /* Resources */,
			);
			buildRules = (
			);
			dependencies = (
			);
			name = "Dialysis Nutrition Tracker";
			productName = "Dialysis Nutrition Tracker";
			productReference = ADD046101D26DA0B009EE361 /* Dialysis Nutrition Tracker.app */;
			productType = "com.apple.product-type.application";
		};
		ADD046261D26DA0B009EE361 /* Dialysis Nutrition TrackerTests */ = {
			isa = PBXNativeTarget;
			buildConfigurationList = ADD0463E1D26DA0B009EE361 /* Build configuration list for PBXNativeTarget "Dialysis Nutrition TrackerTests" */;
			buildPhases = (
				ADD046231D26DA0B009EE361 /* Sources */,
				ADD046241D26DA0B009EE361 /* Frameworks */,
				ADD046251D26DA0B009EE361 /* Resources */,
			);
			buildRules = (
			);
			dependencies = (
				ADD046291D26DA0B009EE361 /* PBXTargetDependency */,
			);
			name = "Dialysis Nutrition TrackerTests";
			productName = "Dialysis Nutrition TrackerTests";
			productReference = ADD046271D26DA0B009EE361 /* Dialysis Nutrition TrackerTests.xctest */;
			productType = "com.apple.product-type.bundle.unit-test";
		};
		ADD046311D26DA0B009EE361 /* Dialysis Nutrition TrackerUITests */ = {
			isa = PBXNativeTarget;
			buildConfigurationList = ADD046411D26DA0B009EE361 /* Build configuration list for PBXNativeTarget "Dialysis Nutrition TrackerUITests" */;
			buildPhases = (
				ADD0462E1D26DA0B009EE361 /* Sources */,
				ADD0462F1D26DA0B009EE361 /* Frameworks */,
				ADD046301D26DA0B009EE361 /* Resources */,
			);
			buildRules = (
			);
			dependencies = (
				ADD046341D26DA0B009EE361 /* PBXTargetDependency */,
			);
			name = "Dialysis Nutrition TrackerUITests";
			productName = "Dialysis Nutrition TrackerUITests";
			productReference = ADD046321D26DA0B009EE361 /* Dialysis Nutrition TrackerUITests.xctest */;
			productType = "com.apple.product-type.bundle.ui-testing";
		};
/* End PBXNativeTarget section */

/* Begin PBXProject section */
		ADD046081D26DA0B009EE361 /* Project object */ = {
			isa = PBXProject;
			attributes = {
				LastSwiftUpdateCheck = 0730;
				LastUpgradeCheck = 0730;
				ORGANIZATIONNAME = "Steven Chen";
				TargetAttributes = {
					ADD0460F1D26DA0B009EE361 = {
						CreatedOnToolsVersion = 7.3.1;
					};
					ADD046261D26DA0B009EE361 = {
						CreatedOnToolsVersion = 7.3.1;
						TestTargetID = ADD0460F1D26DA0B009EE361;
					};
					ADD046311D26DA0B009EE361 = {
						CreatedOnToolsVersion = 7.3.1;
						TestTargetID = ADD0460F1D26DA0B009EE361;
					};
				};
			};
			buildConfigurationList = ADD0460B1D26DA0B009EE361 /* Build configuration list for PBXProject "Dialysis Nutrition Tracker" */;
			compatibilityVersion = "Xcode 3.2";
			developmentRegion = English;
			hasScannedForEncodings = 0;
			knownRegions = (
				en,
				Base,
			);
			mainGroup = ADD046071D26DA0B009EE361;
			productRefGroup = ADD046111D26DA0B009EE361 /* Products */;
			projectDirPath = "";
			projectRoot = "";
			targets = (
				ADD0460F1D26DA0B009EE361 /* Dialysis Nutrition Tracker */,
				ADD046261D26DA0B009EE361 /* Dialysis Nutrition TrackerTests */,
				ADD046311D26DA0B009EE361 /* Dialysis Nutrition TrackerUITests */,
			);
		};
/* End PBXProject section */

/* Begin PBXResourcesBuildPhase section */
		ADD0460E1D26DA0B009EE361 /* Resources */ = {
			isa = PBXResourcesBuildPhase;
			buildActionMask = 2147483647;
			files = (
				ADD046211D26DA0B009EE361 /* LaunchScreen.storyboard in Resources */,
				ADD0461E1D26DA0B009EE361 /* Assets.xcassets in Resources */,
				ADD046191D26DA0B009EE361 /* Main.storyboard in Resources */,
			);
			runOnlyForDeploymentPostprocessing = 0;
		};
		ADD046251D26DA0B009EE361 /* Resources */ = {
			isa = PBXResourcesBuildPhase;
			buildActionMask = 2147483647;
			files = (
			);
			runOnlyForDeploymentPostprocessing = 0;
		};
		ADD046301D26DA0B009EE361 /* Resources */ = {
			isa = PBXResourcesBuildPhase;
			buildActionMask = 2147483647;
			files = (
			);
			runOnlyForDeploymentPostprocessing = 0;
		};
/* End PBXResourcesBuildPhase section */

/* Begin PBXSourcesBuildPhase section */
		ADD0460C1D26DA0B009EE361 /* Sources */ = {
			isa = PBXSourcesBuildPhase;
			buildActionMask = 2147483647;
			files = (
				ADD046161D26DA0B009EE361 /* ViewController.swift in Sources */,
				ADD0461C1D26DA0B009EE361 /* Dialysis_Nutrition_Tracker.xcdatamodeld in Sources */,
				ADD046141D26DA0B009EE361 /* AppDelegate.swift in Sources */,
			);
			runOnlyForDeploymentPostprocessing = 0;
		};
		ADD046231D26DA0B009EE361 /* Sources */ = {
			isa = PBXSourcesBuildPhase;
			buildActionMask = 2147483647;
			files = (
				ADD0462C1D26DA0B009EE361 /* Dialysis_Nutrition_TrackerTests.swift in Sources */,
			);
			runOnlyForDeploymentPostprocessing = 0;
		};
		ADD0462E1D26DA0B009EE361 /* Sources */ = {
			isa = PBXSourcesBuildPhase;
			buildActionMask = 2147483647;
			files = (
				ADD046371D26DA0B009EE361 /* Dialysis_Nutrition_TrackerUITests.swift in Sources */,
			);
			runOnlyForDeploymentPostprocessing = 0;
		};
/* End PBXSourcesBuildPhase section */

/* Begin PBXTargetDependency section */
		ADD046291D26DA0B009EE361 /* PBXTargetDependency */ = {
			isa = PBXTargetDependency;
			target = ADD0460F1D26DA0B009EE361 /* Dialysis Nutrition Tracker */;
			targetProxy = ADD046281D26DA0B009EE361 /* PBXContainerItemProxy */;
		};
		ADD046341D26DA0B009EE361 /* PBXTargetDependency */ = {
			isa = PBXTargetDependency;
			target = ADD0460F1D26DA0B009EE361 /* Dialysis Nutrition Tracker */;
			targetProxy = ADD046331D26DA0B009EE361 /* PBXContainerItemProxy */;
		};
/* End PBXTargetDependency section */

/* Begin PBXVariantGroup section */
		ADD046171D26DA0B009EE361 /* Main.storyboard */ = {
			isa = PBXVariantGroup;
			children = (
				ADD046181D26DA0B009EE361 /* Base */,
			);
			name = Main.storyboard;
			sourceTree = "<group>";
		};
		ADD0461F1D26DA0B009EE361 /* LaunchScreen.storyboard */ = {
			isa = PBXVariantGroup;
			children = (
				ADD046201D26DA0B009EE361 /* Base */,
			);
			name = LaunchScreen.storyboard;
			sourceTree = "<group>";
		};
/* End PBXVariantGroup section */

/* Begin XCBuildConfiguration section */
		ADD046391D26DA0B009EE361 /* Debug */ = {
			isa = XCBuildConfiguration;
			buildSettings = {
				ALWAYS_SEARCH_USER_PATHS = NO;
				CLANG_ANALYZER_NONNULL = YES;
				CLANG_CXX_LANGUAGE_STANDARD = "gnu++0x";
				CLANG_CXX_LIBRARY = "libc++";
				CLANG_ENABLE_MODULES = YES;
				CLANG_ENABLE_OBJC_ARC = YES;
				CLANG_WARN_BOOL_CONVERSION = YES;
				CLANG_WARN_CONSTANT_CONVERSION = YES;
				CLANG_WARN_DIRECT_OBJC_ISA_USAGE = YES_ERROR;
				CLANG_WARN_EMPTY_BODY = YES;
				CLANG_WARN_ENUM_CONVERSION = YES;
				CLANG_WARN_INT_CONVERSION = YES;
				CLANG_WARN_OBJC_ROOT_CLASS = YES_ERROR;
				CLANG_WARN_UNREACHABLE_CODE = YES;
				CLANG_WARN__DUPLICATE_METHOD_MATCH = YES;
				"CODE_SIGN_IDENTITY[sdk=iphoneos*]" = "iPhone Developer";
				COPY_PHASE_STRIP = NO;
				DEBUG_INFORMATION_FORMAT = dwarf;
				ENABLE_STRICT_OBJC_MSGSEND = YES;
				ENABLE_TESTABILITY = YES;
				GCC_C_LANGUAGE_STANDARD = gnu99;
				GCC_DYNAMIC_NO_PIC = NO;
				GCC_NO_COMMON_BLOCKS = YES;
				GCC_OPTIMIZATION_LEVEL = 0;
				GCC_PREPROCESSOR_DEFINITIONS = (
					"DEBUG=1",
					"$(inherited)",
				);
				GCC_WARN_64_TO_32_BIT_CONVERSION = YES;
				GCC_WARN_ABOUT_RETURN_TYPE = YES_ERROR;
				GCC_WARN_UNDECLARED_SELECTOR = YES;
				GCC_WARN_UNINITIALIZED_AUTOS = YES_AGGRESSIVE;
				GCC_WARN_UNUSED_FUNCTION = YES;
				GCC_WARN_UNUSED_VARIABLE = YES;
				IPHONEOS_DEPLOYMENT_TARGET = 9.3;
				MTL_ENABLE_DEBUG_INFO = YES;
				ONLY_ACTIVE_ARCH = YES;
				SDKROOT = iphoneos;
				SWIFT_OPTIMIZATION_LEVEL = "-Onone";
			};
			name = Debug;
		};
		ADD0463A1D26DA0B009EE361 /* Release */ = {
			isa = XCBuildConfiguration;
			buildSettings = {
				ALWAYS_SEARCH_USER_PATHS = NO;
				CLANG_ANALYZER_NONNULL = YES;
				CLANG_CXX_LANGUAGE_STANDARD = "gnu++0x";
				CLANG_CXX_LIBRARY = "libc++";
				CLANG_ENABLE_MODULES = YES;
				CLANG_ENABLE_OBJC_ARC = YES;
				CLANG_WARN_BOOL_CONVERSION = YES;
				CLANG_WARN_CONSTANT_CONVERSION = YES;
				CLANG_WARN_DIRECT_OBJC_ISA_USAGE = YES_ERROR;
				CLANG_WARN_EMPTY_BODY = YES;
				CLANG_WARN_ENUM_CONVERSION = YES;
				CLANG_WARN_INT_CONVERSION = YES;
				CLANG_WARN_OBJC_ROOT_CLASS = YES_ERROR;
				CLANG_WARN_UNREACHABLE_CODE = YES;
				CLANG_WARN__DUPLICATE_METHOD_MATCH = YES;
				"CODE_SIGN_IDENTITY[sdk=iphoneos*]" = "iPhone Developer";
				COPY_PHASE_STRIP = NO;
				DEBUG_INFORMATION_FORMAT = "dwarf-with-dsym";
				ENABLE_NS_ASSERTIONS = NO;
				ENABLE_STRICT_OBJC_MSGSEND = YES;
				GCC_C_LANGUAGE_STANDARD = gnu99;
				GCC_NO_COMMON_BLOCKS = YES;
				GCC_WARN_64_TO_32_BIT_CONVERSION = YES;
				GCC_WARN_ABOUT_RETURN_TYPE = YES_ERROR;
				GCC_WARN_UNDECLARED_SELECTOR = YES;
				GCC_WARN_UNINITIALIZED_AUTOS = YES_AGGRESSIVE;
				GCC_WARN_UNUSED_FUNCTION = YES;
				GCC_WARN_UNUSED_VARIABLE = YES;
				IPHONEOS_DEPLOYMENT_TARGET = 9.3;
				MTL_ENABLE_DEBUG_INFO = NO;
				SDKROOT = iphoneos;
				VALIDATE_PRODUCT = YES;
			};
			name = Release;
		};
		ADD0463C1D26DA0B009EE361 /* Debug */ = {
			isa = XCBuildConfiguration;
			buildSettings = {
				ASSETCATALOG_COMPILER_APPICON_NAME = AppIcon;
				INFOPLIST_FILE = "Dialysis Nutrition Tracker/Info.plist";
				LD_RUNPATH_SEARCH_PATHS = "$(inherited) @executable_path/Frameworks";
				PRODUCT_BUNDLE_IDENTIFIER = "Roffletown.Dialysis-Nutrition-Tracker";
				PRODUCT_NAME = "$(TARGET_NAME)";
			};
			name = Debug;
		};
		ADD0463D1D26DA0B009EE361 /* Release */ = {
			isa = XCBuildConfiguration;
			buildSettings = {
				ASSETCATALOG_COMPILER_APPICON_NAME = AppIcon;
				INFOPLIST_FILE = "Dialysis Nutrition Tracker/Info.plist";
				LD_RUNPATH_SEARCH_PATHS = "$(inherited) @executable_path/Frameworks";
				PRODUCT_BUNDLE_IDENTIFIER = "Roffletown.Dialysis-Nutrition-Tracker";
				PRODUCT_NAME = "$(TARGET_NAME)";
			};
			name = Release;
		};
		ADD0463F1D26DA0B009EE361 /* Debug */ = {
			isa = XCBuildConfiguration;
			buildSettings = {
				BUNDLE_LOADER = "$(TEST_HOST)";
				INFOPLIST_FILE = "Dialysis Nutrition TrackerTests/Info.plist";
				LD_RUNPATH_SEARCH_PATHS = "$(inherited) @executable_path/Frameworks @loader_path/Frameworks";
				PRODUCT_BUNDLE_IDENTIFIER = "Roffletown.Dialysis-Nutrition-TrackerTests";
				PRODUCT_NAME = "$(TARGET_NAME)";
				TEST_HOST = "$(BUILT_PRODUCTS_DIR)/Dialysis Nutrition Tracker.app/Dialysis Nutrition Tracker";
			};
			name = Debug;
		};
		ADD046401D26DA0B009EE361 /* Release */ = {
			isa = XCBuildConfiguration;
			buildSettings = {
				BUNDLE_LOADER = "$(TEST_HOST)";
				INFOPLIST_FILE = "Dialysis Nutrition TrackerTests/Info.plist";
				LD_RUNPATH_SEARCH_PATHS = "$(inherited) @executable_path/Frameworks @loader_path/Frameworks";
				PRODUCT_BUNDLE_IDENTIFIER = "Roffletown.Dialysis-Nutrition-TrackerTests";
				PRODUCT_NAME = "$(TARGET_NAME)";
				TEST_HOST = "$(BUILT_PRODUCTS_DIR)/Dialysis Nutrition Tracker.app/Dialysis Nutrition Tracker";
			};
			name = Release;
		};
		ADD046421D26DA0B009EE361 /* Debug */ = {
			isa = XCBuildConfiguration;
			buildSettings = {
				INFOPLIST_FILE = "Dialysis Nutrition TrackerUITests/Info.plist";
				LD_RUNPATH_SEARCH_PATHS = "$(inherited) @executable_path/Frameworks @loader_path/Frameworks";
				PRODUCT_BUNDLE_IDENTIFIER = "Roffletown.Dialysis-Nutrition-TrackerUITests";
				PRODUCT_NAME = "$(TARGET_NAME)";
				TEST_TARGET_NAME = "Dialysis Nutrition Tracker";
			};
			name = Debug;
		};
		ADD046431D26DA0B009EE361 /* Release */ = {
			isa = XCBuildConfiguration;
			buildSettings = {
				INFOPLIST_FILE = "Dialysis Nutrition TrackerUITests/Info.plist";
				LD_RUNPATH_SEARCH_PATHS = "$(inherited) @executable_path/Frameworks @loader_path/Frameworks";
				PRODUCT_BUNDLE_IDENTIFIER = "Roffletown.Dialysis-Nutrition-TrackerUITests";
				PRODUCT_NAME = "$(TARGET_NAME)";
				TEST_TARGET_NAME = "Dialysis Nutrition Tracker";
			};
			name = Release;
		};
/* End XCBuildConfiguration section */

/* Begin XCConfigurationList section */
		ADD0460B1D26DA0B009EE361 /* Build configuration list for PBXProject "Dialysis Nutrition Tracker" */ = {
			isa = XCConfigurationList;
			buildConfigurations = (
				ADD046391D26DA0B009EE361 /* Debug */,
				ADD0463A1D26DA0B009EE361 /* Release */,
			);
			defaultConfigurationIsVisible = 0;
			defaultConfigurationName = Release;
		};
		ADD0463B1D26DA0B009EE361 /* Build configuration list for PBXNativeTarget "Dialysis Nutrition Tracker" */ = {
			isa = XCConfigurationList;
			buildConfigurations = (
				ADD0463C1D26DA0B009EE361 /* Debug */,
				ADD0463D1D26DA0B009EE361 /* Release */,
			);
			defaultConfigurationIsVisible = 0;
		};
		ADD0463E1D26DA0B009EE361 /* Build configuration list for PBXNativeTarget "Dialysis Nutrition TrackerTests" */ = {
			isa = XCConfigurationList;
			buildConfigurations = (
				ADD0463F1D26DA0B009EE361 /* Debug */,
				ADD046401D26DA0B009EE361 /* Release */,
			);
			defaultConfigurationIsVisible = 0;
		};
		ADD046411D26DA0B009EE361 /* Build configuration list for PBXNativeTarget "Dialysis Nutrition TrackerUITests" */ = {
			isa = XCConfigurationList;
			buildConfigurations = (
				ADD046421D26DA0B009EE361 /* Debug */,
				ADD046431D26DA0B009EE361 /* Release */,
			);
			defaultConfigurationIsVisible = 0;
		};
/* End XCConfigurationList section */

/* Begin XCVersionGroup section */
		ADD0461A1D26DA0B009EE361 /* Dialysis_Nutrition_Tracker.xcdatamodeld */ = {
			isa = XCVersionGroup;
			children = (
				ADD0461B1D26DA0B009EE361 /* Dialysis_Nutrition_Tracker.xcdatamodel */,
			);
			currentVersion = ADD0461B1D26DA0B009EE361 /* Dialysis_Nutrition_Tracker.xcdatamodel */;
			path = Dialysis_Nutrition_Tracker.xcdatamodeld;
			sourceTree = "<group>";
			versionGroupType = wrapper.xcdatamodel;
		};
/* End XCVersionGroup section */
	};
	rootObject = ADD046081D26DA0B009EE361 /* Project object */;
}
